
Microsoft Visual Studio Solution File, Format Version 12.00
# Visual Studio Version 16
VisualStudioVersion = 16.0.31112.23
MinimumVisualStudioVersion = 10.0.40219.1
Project("{FAE04EC0-301F-11D3-BF4B-00C04F79EFBC}") = "Calculadora de Bhaskara e Delta", "Calculadora de Bhaskara e Delta.csproj", "{397DBF84-C50D-4532-AB2D-77134D5E8F17}"
EndProject
Global
	GlobalSection(SolutionConfigurationPlatforms) = preSolution
		Debug|Any CPU = Debug|Any CPU
		Release|Any CPU = Release|Any CPU
	EndGlobalSection
	GlobalSection(ProjectConfigurationPlatforms) = postSolution
		{397DBF84-C50D-4532-AB2D-77134D5E8F17}.Debug|Any CPU.ActiveCfg = Debug|Any CPU
		{397DBF84-C50D-4532-AB2D-77134D5E8F17}.Debug|Any CPU.Build.0 = Debug|Any CPU
		{397DBF84-C50D-4532-AB2D-77134D5E8F17}.Release|Any CPU.ActiveCfg = Release|Any CPU
		{397DBF84-C50D-4532-AB2D-77134D5E8F17}.Release|Any CPU.Build.0 = Release|Any CPU
	EndGlobalSection
	GlobalSection(SolutionProperties) = preSolution
		HideSolutionNode = FALSE
	EndGlobalSection
	GlobalSection(ExtensibilityGlobals) = postSolution
		SolutionGuid = {81EF29FB-7AF8-450D-94A1-90FCEB69C2D2}
	EndGlobalSection
EndGlobal
